
Microsoft Visual Studio Solution File, Format Version 12.00
# Visual Studio 2012
Project("{FAE04EC0-301F-11D3-BF4B-00C04F79EFBC}") = "AnchovyMultiPing", "AnchovyMultiPing\AnchovyMultiPing.csproj", "{A109102E-994F-488D-B25C-B2DAA0F31020}"
EndProject
Global
	GlobalSection(SolutionConfigurationPlatforms) = preSolution
		Debug|Any CPU = Debug|Any CPU
		Release|Any CPU = Release|Any CPU
	EndGlobalSection
	GlobalSection(ProjectConfigurationPlatforms) = postSolution
		{A109102E-994F-488D-B25C-B2DAA0F31020}.Debug|Any CPU.ActiveCfg = Debug|Any CPU
		{A109102E-994F-488D-B25C-B2DAA0F31020}.Debug|Any CPU.Build.0 = Debug|Any CPU
		{A109102E-994F-488D-B25C-B2DAA0F31020}.Release|Any CPU.ActiveCfg = Release|Any CPU
		{A109102E-994F-488D-B25C-B2DAA0F31020}.Release|Any CPU.Build.0 = Release|Any CPU
	EndGlobalSection
	GlobalSection(SolutionProperties) = preSolution
		HideSolutionNode = FALSE
	EndGlobalSection
EndGlobal
